
Microsoft Visual Studio Solution File, Format Version 12.00
# Visual Studio Version 16
VisualStudioVersion = 16.0.31729.503
MinimumVisualStudioVersion = 10.0.40219.1
Project("{FAE04EC0-301F-11D3-BF4B-00C04F79EFBC}") = "StoreManagerApp", "StoreManagerApp\StoreManagerApp.csproj", "{D8282A75-36CC-4BDF-B710-5CE0D6BFDA48}"
EndProject
Project("{FAE04EC0-301F-11D3-BF4B-00C04F79EFBC}") = "StoreManagerResource", "StoreManagerResource\StoreManagerResource.csproj", "{9D6978DE-226E-44FD-9C11-8E911524BB29}"
EndProject
Project("{FAE04EC0-301F-11D3-BF4B-00C04F79EFBC}") = "Common", "Common\Common.csproj", "{790075C5-930C-48A8-BD9A-064C2C13E6E8}"
EndProject
Global
	GlobalSection(SolutionConfigurationPlatforms) = preSolution
		Debug|Any CPU = Debug|Any CPU
		Release|Any CPU = Release|Any CPU
	EndGlobalSection
	GlobalSection(ProjectConfigurationPlatforms) = postSolution
		{D8282A75-36CC-4BDF-B710-5CE0D6BFDA48}.Debug|Any CPU.ActiveCfg = Debug|Any CPU
		{D8282A75-36CC-4BDF-B710-5CE0D6BFDA48}.Debug|Any CPU.Build.0 = Debug|Any CPU
		{D8282A75-36CC-4BDF-B710-5CE0D6BFDA48}.Release|Any CPU.ActiveCfg = Release|Any CPU
		{D8282A75-36CC-4BDF-B710-5CE0D6BFDA48}.Release|Any CPU.Build.0 = Release|Any CPU
		{9D6978DE-226E-44FD-9C11-8E911524BB29}.Debug|Any CPU.ActiveCfg = Debug|Any CPU
		{9D6978DE-226E-44FD-9C11-8E911524BB29}.Debug|Any CPU.Build.0 = Debug|Any CPU
		{9D6978DE-226E-44FD-9C11-8E911524BB29}.Release|Any CPU.ActiveCfg = Release|Any CPU
		{9D6978DE-226E-44FD-9C11-8E911524BB29}.Release|Any CPU.Build.0 = Release|Any CPU
		{790075C5-930C-48A8-BD9A-064C2C13E6E8}.Debug|Any CPU.ActiveCfg = Debug|Any CPU
		{790075C5-930C-48A8-BD9A-064C2C13E6E8}.Debug|Any CPU.Build.0 = Debug|Any CPU
		{790075C5-930C-48A8-BD9A-064C2C13E6E8}.Release|Any CPU.ActiveCfg = Release|Any CPU
		{790075C5-930C-48A8-BD9A-064C2C13E6E8}.Release|Any CPU.Build.0 = Release|Any CPU
	EndGlobalSection
	GlobalSection(SolutionProperties) = preSolution
		HideSolutionNode = FALSE
	EndGlobalSection
	GlobalSection(ExtensibilityGlobals) = postSolution
		SolutionGuid = {F7FCD08E-A78B-48CD-B874-B7FD4FB16B57}
	EndGlobalSection
EndGlobal
